
Microsoft Visual Studio Solution File, Format Version 12.00
Project("{FAE04EC0-301F-11D3-BF4B-00C04F79EFBC}") = "MabelBookshelf", "src\Backend\MabelBookshelf\MabelBookshelf.csproj", "{204CD5F8-374C-485F-97AA-AB16FAF4CB5C}"
EndProject
Project("{FAE04EC0-301F-11D3-BF4B-00C04F79EFBC}") = "MabelBookshelf.Bookshelf.Application", "src\Backend\MabelBookshelf.Bookshelf.Application\MabelBookshelf.Bookshelf.Application.csproj", "{586405DF-B2B4-4C1F-A052-9B014AA6191F}"
EndProject
Project("{FAE04EC0-301F-11D3-BF4B-00C04F79EFBC}") = "MabelBookshelf.Bookshelf.Domain", "src\Backend\MabelBookshelf.Bookshelf.Domain\MabelBookshelf.Bookshelf.Domain.csproj", "{011CFB3D-A2AF-4171-8F3E-F03B97888387}"
EndProject
Project("{FAE04EC0-301F-11D3-BF4B-00C04F79EFBC}") = "MabelBookshelf.Bookshelf.Domain.Tests", "tests\MabelBookshelf.Bookshelf.Domain.Tests\MabelBookshelf.Bookshelf.Domain.Tests.csproj", "{A44E2C57-2932-4C9D-9F03-8D2E75AE0363}"
EndProject
Project("{FAE04EC0-301F-11D3-BF4B-00C04F79EFBC}") = "MabelBookshelf.Bookshelf.Application.Tests", "tests\MabelBookshelf.Bookshelf.Application.Tests\MabelBookshelf.Bookshelf.Application.Tests.csproj", "{3F898DD2-449E-4394-B95E-4F98C16B02D5}"
EndProject
Project("{FAE04EC0-301F-11D3-BF4B-00C04F79EFBC}") = "MabelBookshelf.Bookshelf.Infrastructure", "src\Backend\MabelBookshelf.Bookshelf.Infrastructure\MabelBookshelf.Bookshelf.Infrastructure.csproj", "{5F467035-E72D-40BB-8BB0-A4B8532C47A7}"
EndProject
Project("{FAE04EC0-301F-11D3-BF4B-00C04F79EFBC}") = "MabelBookshelf.Identity.Infrastructure", "src\Backend\MabelBookshelf.Identity.Infrastructure\MabelBookshelf.Identity.Infrastructure.csproj", "{0CB570F8-B108-4B95-9343-E4EA102CEC8F}"
EndProject
Project("{2150E333-8FDC-42A3-9474-1A3956D46DE8}") = "tools", "tools", "{7C252252-1195-4C59-8451-0D528F844775}"
EndProject
Project("{FAE04EC0-301F-11D3-BF4B-00C04F79EFBC}") = "MabelBookshelf.EventStoreDbSetup", "tools\MabelBookshelf.EventStoreDbSetup\MabelBookshelf.EventStoreDbSetup.csproj", "{957BE54F-BAB4-4A8A-8CB2-95C8EF27EE16}"
EndProject
Project("{FAE04EC0-301F-11D3-BF4B-00C04F79EFBC}") = "MabelBookshelf.ProjectionTestFramework", "tools\MabelBookshelf.ProjectionTestFramework\MabelBookshelf.ProjectionTestFramework.csproj", "{FD5202EE-787D-402B-BD89-63D175CA5145}"
EndProject
Project("{FAE04EC0-301F-11D3-BF4B-00C04F79EFBC}") = "MabelBookshelf.BackgroundTasks", "src\Backend\MabelBookshelf.BackgroundTasks\MabelBookshelf.BackgroundTasks.csproj", "{AB5C01DC-FD2A-4F75-8BF8-1C35246032BA}"
EndProject
Project("{FAE04EC0-301F-11D3-BF4B-00C04F79EFBC}") = "MabelBookshelf.Bookshelf.Infrastructure.DependencyInjection", "src\Backend\MabelBookshelf.Bookshelf.Infrastructure.DependencyInjection\MabelBookshelf.Bookshelf.Infrastructure.DependencyInjection.csproj", "{F4BA68E7-42A9-45A6-866E-9052E0550B3A}"
EndProject
Global
	GlobalSection(SolutionConfigurationPlatforms) = preSolution
		Debug|Any CPU = Debug|Any CPU
		Release|Any CPU = Release|Any CPU
	EndGlobalSection
	GlobalSection(ProjectConfigurationPlatforms) = postSolution
		{204CD5F8-374C-485F-97AA-AB16FAF4CB5C}.Debug|Any CPU.ActiveCfg = Debug|Any CPU
		{204CD5F8-374C-485F-97AA-AB16FAF4CB5C}.Debug|Any CPU.Build.0 = Debug|Any CPU
		{204CD5F8-374C-485F-97AA-AB16FAF4CB5C}.Release|Any CPU.ActiveCfg = Release|Any CPU
		{204CD5F8-374C-485F-97AA-AB16FAF4CB5C}.Release|Any CPU.Build.0 = Release|Any CPU
		{586405DF-B2B4-4C1F-A052-9B014AA6191F}.Debug|Any CPU.ActiveCfg = Debug|Any CPU
		{586405DF-B2B4-4C1F-A052-9B014AA6191F}.Debug|Any CPU.Build.0 = Debug|Any CPU
		{586405DF-B2B4-4C1F-A052-9B014AA6191F}.Release|Any CPU.ActiveCfg = Release|Any CPU
		{586405DF-B2B4-4C1F-A052-9B014AA6191F}.Release|Any CPU.Build.0 = Release|Any CPU
		{011CFB3D-A2AF-4171-8F3E-F03B97888387}.Debug|Any CPU.ActiveCfg = Debug|Any CPU
		{011CFB3D-A2AF-4171-8F3E-F03B97888387}.Debug|Any CPU.Build.0 = Debug|Any CPU
		{011CFB3D-A2AF-4171-8F3E-F03B97888387}.Release|Any CPU.ActiveCfg = Release|Any CPU
		{011CFB3D-A2AF-4171-8F3E-F03B97888387}.Release|Any CPU.Build.0 = Release|Any CPU
		{A44E2C57-2932-4C9D-9F03-8D2E75AE0363}.Debug|Any CPU.ActiveCfg = Debug|Any CPU
		{A44E2C57-2932-4C9D-9F03-8D2E75AE0363}.Debug|Any CPU.Build.0 = Debug|Any CPU
		{A44E2C57-2932-4C9D-9F03-8D2E75AE0363}.Release|Any CPU.ActiveCfg = Release|Any CPU
		{A44E2C57-2932-4C9D-9F03-8D2E75AE0363}.Release|Any CPU.Build.0 = Release|Any CPU
		{3F898DD2-449E-4394-B95E-4F98C16B02D5}.Debug|Any CPU.ActiveCfg = Debug|Any CPU
		{3F898DD2-449E-4394-B95E-4F98C16B02D5}.Debug|Any CPU.Build.0 = Debug|Any CPU
		{3F898DD2-449E-4394-B95E-4F98C16B02D5}.Release|Any CPU.ActiveCfg = Release|Any CPU
		{3F898DD2-449E-4394-B95E-4F98C16B02D5}.Release|Any CPU.Build.0 = Release|Any CPU
		{5F467035-E72D-40BB-8BB0-A4B8532C47A7}.Debug|Any CPU.ActiveCfg = Debug|Any CPU
		{5F467035-E72D-40BB-8BB0-A4B8532C47A7}.Debug|Any CPU.Build.0 = Debug|Any CPU
		{5F467035-E72D-40BB-8BB0-A4B8532C47A7}.Release|Any CPU.ActiveCfg = Release|Any CPU
		{5F467035-E72D-40BB-8BB0-A4B8532C47A7}.Release|Any CPU.Build.0 = Release|Any CPU
		{0CB570F8-B108-4B95-9343-E4EA102CEC8F}.Debug|Any CPU.ActiveCfg = Debug|Any CPU
		{0CB570F8-B108-4B95-9343-E4EA102CEC8F}.Debug|Any CPU.Build.0 = Debug|Any CPU
		{0CB570F8-B108-4B95-9343-E4EA102CEC8F}.Release|Any CPU.ActiveCfg = Release|Any CPU
		{0CB570F8-B108-4B95-9343-E4EA102CEC8F}.Release|Any CPU.Build.0 = Release|Any CPU
		{957BE54F-BAB4-4A8A-8CB2-95C8EF27EE16}.Debug|Any CPU.ActiveCfg = Debug|Any CPU
		{957BE54F-BAB4-4A8A-8CB2-95C8EF27EE16}.Debug|Any CPU.Build.0 = Debug|Any CPU
		{957BE54F-BAB4-4A8A-8CB2-95C8EF27EE16}.Release|Any CPU.ActiveCfg = Release|Any CPU
		{957BE54F-BAB4-4A8A-8CB2-95C8EF27EE16}.Release|Any CPU.Build.0 = Release|Any CPU
		{FD5202EE-787D-402B-BD89-63D175CA5145}.Debug|Any CPU.ActiveCfg = Debug|Any CPU
		{FD5202EE-787D-402B-BD89-63D175CA5145}.Debug|Any CPU.Build.0 = Debug|Any CPU
		{FD5202EE-787D-402B-BD89-63D175CA5145}.Release|Any CPU.ActiveCfg = Release|Any CPU
		{FD5202EE-787D-402B-BD89-63D175CA5145}.Release|Any CPU.Build.0 = Release|Any CPU
		{AB5C01DC-FD2A-4F75-8BF8-1C35246032BA}.Debug|Any CPU.ActiveCfg = Debug|Any CPU
		{AB5C01DC-FD2A-4F75-8BF8-1C35246032BA}.Debug|Any CPU.Build.0 = Debug|Any CPU
		{AB5C01DC-FD2A-4F75-8BF8-1C35246032BA}.Release|Any CPU.ActiveCfg = Release|Any CPU
		{AB5C01DC-FD2A-4F75-8BF8-1C35246032BA}.Release|Any CPU.Build.0 = Release|Any CPU
		{F4BA68E7-42A9-45A6-866E-9052E0550B3A}.Debug|Any CPU.ActiveCfg = Debug|Any CPU
		{F4BA68E7-42A9-45A6-866E-9052E0550B3A}.Debug|Any CPU.Build.0 = Debug|Any CPU
		{F4BA68E7-42A9-45A6-866E-9052E0550B3A}.Release|Any CPU.ActiveCfg = Release|Any CPU
		{F4BA68E7-42A9-45A6-866E-9052E0550B3A}.Release|Any CPU.Build.0 = Release|Any CPU
	EndGlobalSection
	GlobalSection(NestedProjects) = preSolution
		{957BE54F-BAB4-4A8A-8CB2-95C8EF27EE16} = {7C252252-1195-4C59-8451-0D528F844775}
		{FD5202EE-787D-402B-BD89-63D175CA5145} = {7C252252-1195-4C59-8451-0D528F844775}
	EndGlobalSection
EndGlobal
